
Microsoft Visual Studio Solution File, Format Version 12.00
# Visual Studio Version 17
VisualStudioVersion = 17.14.36518.9 d17.14
MinimumVisualStudioVersion = 10.0.40219.1
Project("{FAE04EC0-301F-11D3-BF4B-00C04F79EFBC}") = "Algoritmus", "Algoritmus.csproj", "{00BD7CE9-9280-4A4C-992F-82D9EEE2141B}"
EndProject
Global
	GlobalSection(SolutionConfigurationPlatforms) = preSolution
		Debug|Any CPU = Debug|Any CPU
		Release|Any CPU = Release|Any CPU
	EndGlobalSection
	GlobalSection(ProjectConfigurationPlatforms) = postSolution
		{00BD7CE9-9280-4A4C-992F-82D9EEE2141B}.Debug|Any CPU.ActiveCfg = Debug|Any CPU
		{00BD7CE9-9280-4A4C-992F-82D9EEE2141B}.Debug|Any CPU.Build.0 = Debug|Any CPU
		{00BD7CE9-9280-4A4C-992F-82D9EEE2141B}.Release|Any CPU.ActiveCfg = Release|Any CPU
		{00BD7CE9-9280-4A4C-992F-82D9EEE2141B}.Release|Any CPU.Build.0 = Release|Any CPU
	EndGlobalSection
	GlobalSection(SolutionProperties) = preSolution
		HideSolutionNode = FALSE
	EndGlobalSection
	GlobalSection(ExtensibilityGlobals) = postSolution
		SolutionGuid = {73913249-D27D-4D5A-AE15-B855BA29F085}
	EndGlobalSection
EndGlobal
